
Microsoft Visual Studio Solution File, Format Version 12.00
# Visual Studio 14
VisualStudioVersion = 14.0.25420.1
MinimumVisualStudioVersion = 10.0.40219.1
Project("{FAE04EC0-301F-11D3-BF4B-00C04F79EFBC}") = "ModelClassLibrary", "ModelClassLibrary\ModelClassLibrary.csproj", "{D37F78BF-D43C-4AC3-A1FE-5655D7F569AC}"
EndProject
Project("{FAE04EC0-301F-11D3-BF4B-00C04F79EFBC}") = "ConsoleApplicationForModel", "ConsoleApplicationForModel\ConsoleApplicationForModel.csproj", "{91F26214-D090-4B5B-B9C3-46CB575C0AFB}"
EndProject
Project("{FAE04EC0-301F-11D3-BF4B-00C04F79EFBC}") = "ModelClassLibraryTests", "ModelClassLibraryTests\ModelClassLibraryTests.csproj", "{872EEA52-416C-42F5-B4E4-53E628897F23}"
EndProject
Global
	GlobalSection(SolutionConfigurationPlatforms) = preSolution
		Debug|Any CPU = Debug|Any CPU
		Debug|ARM = Debug|ARM
		Debug|x64 = Debug|x64
		Debug|x86 = Debug|x86
		Release|Any CPU = Release|Any CPU
		Release|ARM = Release|ARM
		Release|x64 = Release|x64
		Release|x86 = Release|x86
	EndGlobalSection
	GlobalSection(ProjectConfigurationPlatforms) = postSolution
		{D37F78BF-D43C-4AC3-A1FE-5655D7F569AC}.Debug|Any CPU.ActiveCfg = Debug|Any CPU
		{D37F78BF-D43C-4AC3-A1FE-5655D7F569AC}.Debug|Any CPU.Build.0 = Debug|Any CPU
		{D37F78BF-D43C-4AC3-A1FE-5655D7F569AC}.Debug|ARM.ActiveCfg = Debug|Any CPU
		{D37F78BF-D43C-4AC3-A1FE-5655D7F569AC}.Debug|ARM.Build.0 = Debug|Any CPU
		{D37F78BF-D43C-4AC3-A1FE-5655D7F569AC}.Debug|x64.ActiveCfg = Debug|Any CPU
		{D37F78BF-D43C-4AC3-A1FE-5655D7F569AC}.Debug|x64.Build.0 = Debug|Any CPU
		{D37F78BF-D43C-4AC3-A1FE-5655D7F569AC}.Debug|x86.ActiveCfg = Debug|Any CPU
		{D37F78BF-D43C-4AC3-A1FE-5655D7F569AC}.Debug|x86.Build.0 = Debug|Any CPU
		{D37F78BF-D43C-4AC3-A1FE-5655D7F569AC}.Release|Any CPU.ActiveCfg = Release|Any CPU
		{D37F78BF-D43C-4AC3-A1FE-5655D7F569AC}.Release|Any CPU.Build.0 = Release|Any CPU
		{D37F78BF-D43C-4AC3-A1FE-5655D7F569AC}.Release|ARM.ActiveCfg = Release|Any CPU
		{D37F78BF-D43C-4AC3-A1FE-5655D7F569AC}.Release|ARM.Build.0 = Release|Any CPU
		{D37F78BF-D43C-4AC3-A1FE-5655D7F569AC}.Release|x64.ActiveCfg = Release|Any CPU
		{D37F78BF-D43C-4AC3-A1FE-5655D7F569AC}.Release|x64.Build.0 = Release|Any CPU
		{D37F78BF-D43C-4AC3-A1FE-5655D7F569AC}.Release|x86.ActiveCfg = Release|Any CPU
		{D37F78BF-D43C-4AC3-A1FE-5655D7F569AC}.Release|x86.Build.0 = Release|Any CPU
		{91F26214-D090-4B5B-B9C3-46CB575C0AFB}.Debug|Any CPU.ActiveCfg = Debug|Any CPU
		{91F26214-D090-4B5B-B9C3-46CB575C0AFB}.Debug|Any CPU.Build.0 = Debug|Any CPU
		{91F26214-D090-4B5B-B9C3-46CB575C0AFB}.Debug|ARM.ActiveCfg = Debug|Any CPU
		{91F26214-D090-4B5B-B9C3-46CB575C0AFB}.Debug|ARM.Build.0 = Debug|Any CPU
		{91F26214-D090-4B5B-B9C3-46CB575C0AFB}.Debug|x64.ActiveCfg = Debug|Any CPU
		{91F26214-D090-4B5B-B9C3-46CB575C0AFB}.Debug|x64.Build.0 = Debug|Any CPU
		{91F26214-D090-4B5B-B9C3-46CB575C0AFB}.Debug|x86.ActiveCfg = Debug|Any CPU
		{91F26214-D090-4B5B-B9C3-46CB575C0AFB}.Debug|x86.Build.0 = Debug|Any CPU
		{91F26214-D090-4B5B-B9C3-46CB575C0AFB}.Release|Any CPU.ActiveCfg = Release|Any CPU
		{91F26214-D090-4B5B-B9C3-46CB575C0AFB}.Release|Any CPU.Build.0 = Release|Any CPU
		{91F26214-D090-4B5B-B9C3-46CB575C0AFB}.Release|ARM.ActiveCfg = Release|Any CPU
		{91F26214-D090-4B5B-B9C3-46CB575C0AFB}.Release|ARM.Build.0 = Release|Any CPU
		{91F26214-D090-4B5B-B9C3-46CB575C0AFB}.Release|x64.ActiveCfg = Release|Any CPU
		{91F26214-D090-4B5B-B9C3-46CB575C0AFB}.Release|x64.Build.0 = Release|Any CPU
		{91F26214-D090-4B5B-B9C3-46CB575C0AFB}.Release|x86.ActiveCfg = Release|Any CPU
		{91F26214-D090-4B5B-B9C3-46CB575C0AFB}.Release|x86.Build.0 = Release|Any CPU
		{872EEA52-416C-42F5-B4E4-53E628897F23}.Debug|Any CPU.ActiveCfg = Debug|Any CPU
		{872EEA52-416C-42F5-B4E4-53E628897F23}.Debug|Any CPU.Build.0 = Debug|Any CPU
		{872EEA52-416C-42F5-B4E4-53E628897F23}.Debug|ARM.ActiveCfg = Debug|Any CPU
		{872EEA52-416C-42F5-B4E4-53E628897F23}.Debug|ARM.Build.0 = Debug|Any CPU
		{872EEA52-416C-42F5-B4E4-53E628897F23}.Debug|x64.ActiveCfg = Debug|Any CPU
		{872EEA52-416C-42F5-B4E4-53E628897F23}.Debug|x64.Build.0 = Debug|Any CPU
		{872EEA52-416C-42F5-B4E4-53E628897F23}.Debug|x86.ActiveCfg = Debug|Any CPU
		{872EEA52-416C-42F5-B4E4-53E628897F23}.Debug|x86.Build.0 = Debug|Any CPU
		{872EEA52-416C-42F5-B4E4-53E628897F23}.Release|Any CPU.ActiveCfg = Release|Any CPU
		{872EEA52-416C-42F5-B4E4-53E628897F23}.Release|Any CPU.Build.0 = Release|Any CPU
		{872EEA52-416C-42F5-B4E4-53E628897F23}.Release|ARM.ActiveCfg = Release|Any CPU
		{872EEA52-416C-42F5-B4E4-53E628897F23}.Release|ARM.Build.0 = Release|Any CPU
		{872EEA52-416C-42F5-B4E4-53E628897F23}.Release|x64.ActiveCfg = Release|Any CPU
		{872EEA52-416C-42F5-B4E4-53E628897F23}.Release|x64.Build.0 = Release|Any CPU
		{872EEA52-416C-42F5-B4E4-53E628897F23}.Release|x86.ActiveCfg = Release|Any CPU
		{872EEA52-416C-42F5-B4E4-53E628897F23}.Release|x86.Build.0 = Release|Any CPU
	EndGlobalSection
	GlobalSection(SolutionProperties) = preSolution
		HideSolutionNode = FALSE
	EndGlobalSection
EndGlobal
